
Microsoft Visual Studio Solution File, Format Version 12.00
# Visual Studio Version 17
VisualStudioVersion = 17.0.31903.59
MinimumVisualStudioVersion = 10.0.40219.1
Project("{2150E333-8FDC-42A3-9474-1A3956D46DE8}") = "src", "src", "{7EC58E82-B8A0-41CD-AF3C-16B993FDAD9C}"
EndProject
Project("{FAE04EC0-301F-11D3-BF4B-00C04F79EFBC}") = "STIGForge.App", "src\STIGForge.App\STIGForge.App.csproj", "{B628CFEA-CD93-4AD8-BED0-73727C136EEF}"
EndProject
Project("{FAE04EC0-301F-11D3-BF4B-00C04F79EFBC}") = "STIGForge.Core", "src\STIGForge.Core\STIGForge.Core.csproj", "{1113B98E-636E-4242-B798-69834B658F20}"
EndProject
Project("{FAE04EC0-301F-11D3-BF4B-00C04F79EFBC}") = "STIGForge.Shared", "src\STIGForge.Shared\STIGForge.Shared.csproj", "{471767C4-CD8C-4ADE-A3AE-536A83BCC1DE}"
EndProject
Project("{FAE04EC0-301F-11D3-BF4B-00C04F79EFBC}") = "STIGForge.Infrastructure", "src\STIGForge.Infrastructure\STIGForge.Infrastructure.csproj", "{1695D219-2475-4604-BAF6-F7AA0E78D1B2}"
EndProject
Project("{FAE04EC0-301F-11D3-BF4B-00C04F79EFBC}") = "STIGForge.Content", "src\STIGForge.Content\STIGForge.Content.csproj", "{A89CED13-F75D-4C4E-96AD-010F8ED1772B}"
EndProject
Project("{FAE04EC0-301F-11D3-BF4B-00C04F79EFBC}") = "STIGForge.Apply", "src\STIGForge.Apply\STIGForge.Apply.csproj", "{5BE20E1E-1230-46AC-888A-C69446624D85}"
EndProject
Project("{FAE04EC0-301F-11D3-BF4B-00C04F79EFBC}") = "STIGForge.Verify", "src\STIGForge.Verify\STIGForge.Verify.csproj", "{69933827-2162-4E9A-93EE-9CB1E5F2C05E}"
EndProject
Project("{FAE04EC0-301F-11D3-BF4B-00C04F79EFBC}") = "STIGForge.Evidence", "src\STIGForge.Evidence\STIGForge.Evidence.csproj", "{A0B70D0E-2E8D-44BC-8918-87CB7615322F}"
EndProject
Project("{FAE04EC0-301F-11D3-BF4B-00C04F79EFBC}") = "STIGForge.Reporting", "src\STIGForge.Reporting\STIGForge.Reporting.csproj", "{8D0C4541-6BCE-426E-A2B5-520E11BDDFCF}"
EndProject
Project("{FAE04EC0-301F-11D3-BF4B-00C04F79EFBC}") = "STIGForge.Export", "src\STIGForge.Export\STIGForge.Export.csproj", "{6231D117-68ED-4954-A93C-A0C8993B442E}"
EndProject
Project("{FAE04EC0-301F-11D3-BF4B-00C04F79EFBC}") = "STIGForge.Cli", "src\STIGForge.Cli\STIGForge.Cli.csproj", "{24F57DFC-CA9B-4F3C-A911-21FD5877D8E8}"
EndProject
Project("{2150E333-8FDC-42A3-9474-1A3956D46DE8}") = "tests", "tests", "{F1BCD4C5-F10C-4D1A-BDF6-CBAF0F87DF7E}"
EndProject
Project("{FAE04EC0-301F-11D3-BF4B-00C04F79EFBC}") = "STIGForge.UnitTests", "tests\STIGForge.UnitTests\STIGForge.UnitTests.csproj", "{86D6A415-183F-41BA-94DD-7D69DF44CE1A}"
EndProject
Project("{FAE04EC0-301F-11D3-BF4B-00C04F79EFBC}") = "STIGForge.IntegrationTests", "tests\STIGForge.IntegrationTests\STIGForge.IntegrationTests.csproj", "{77ACCBF5-D737-48AA-8502-CF5FDF5D832E}"
EndProject
Global
	GlobalSection(SolutionConfigurationPlatforms) = preSolution
		Debug|Any CPU = Debug|Any CPU
		Release|Any CPU = Release|Any CPU
	EndGlobalSection
	GlobalSection(SolutionProperties) = preSolution
		HideSolutionNode = FALSE
	EndGlobalSection
	GlobalSection(ProjectConfigurationPlatforms) = postSolution
		{B628CFEA-CD93-4AD8-BED0-73727C136EEF}.Debug|Any CPU.ActiveCfg = Debug|Any CPU
		{B628CFEA-CD93-4AD8-BED0-73727C136EEF}.Debug|Any CPU.Build.0 = Debug|Any CPU
		{B628CFEA-CD93-4AD8-BED0-73727C136EEF}.Release|Any CPU.ActiveCfg = Release|Any CPU
		{B628CFEA-CD93-4AD8-BED0-73727C136EEF}.Release|Any CPU.Build.0 = Release|Any CPU
		{1113B98E-636E-4242-B798-69834B658F20}.Debug|Any CPU.ActiveCfg = Debug|Any CPU
		{1113B98E-636E-4242-B798-69834B658F20}.Debug|Any CPU.Build.0 = Debug|Any CPU
		{1113B98E-636E-4242-B798-69834B658F20}.Release|Any CPU.ActiveCfg = Release|Any CPU
		{1113B98E-636E-4242-B798-69834B658F20}.Release|Any CPU.Build.0 = Release|Any CPU
		{471767C4-CD8C-4ADE-A3AE-536A83BCC1DE}.Debug|Any CPU.ActiveCfg = Debug|Any CPU
		{471767C4-CD8C-4ADE-A3AE-536A83BCC1DE}.Debug|Any CPU.Build.0 = Debug|Any CPU
		{471767C4-CD8C-4ADE-A3AE-536A83BCC1DE}.Release|Any CPU.ActiveCfg = Release|Any CPU
		{471767C4-CD8C-4ADE-A3AE-536A83BCC1DE}.Release|Any CPU.Build.0 = Release|Any CPU
		{1695D219-2475-4604-BAF6-F7AA0E78D1B2}.Debug|Any CPU.ActiveCfg = Debug|Any CPU
		{1695D219-2475-4604-BAF6-F7AA0E78D1B2}.Debug|Any CPU.Build.0 = Debug|Any CPU
		{1695D219-2475-4604-BAF6-F7AA0E78D1B2}.Release|Any CPU.ActiveCfg = Release|Any CPU
		{1695D219-2475-4604-BAF6-F7AA0E78D1B2}.Release|Any CPU.Build.0 = Release|Any CPU
		{A89CED13-F75D-4C4E-96AD-010F8ED1772B}.Debug|Any CPU.ActiveCfg = Debug|Any CPU
		{A89CED13-F75D-4C4E-96AD-010F8ED1772B}.Debug|Any CPU.Build.0 = Debug|Any CPU
		{A89CED13-F75D-4C4E-96AD-010F8ED1772B}.Release|Any CPU.ActiveCfg = Release|Any CPU
		{A89CED13-F75D-4C4E-96AD-010F8ED1772B}.Release|Any CPU.Build.0 = Release|Any CPU
		{5BE20E1E-1230-46AC-888A-C69446624D85}.Debug|Any CPU.ActiveCfg = Debug|Any CPU
		{5BE20E1E-1230-46AC-888A-C69446624D85}.Debug|Any CPU.Build.0 = Debug|Any CPU
		{5BE20E1E-1230-46AC-888A-C69446624D85}.Release|Any CPU.ActiveCfg = Release|Any CPU
		{5BE20E1E-1230-46AC-888A-C69446624D85}.Release|Any CPU.Build.0 = Release|Any CPU
		{69933827-2162-4E9A-93EE-9CB1E5F2C05E}.Debug|Any CPU.ActiveCfg = Debug|Any CPU
		{69933827-2162-4E9A-93EE-9CB1E5F2C05E}.Debug|Any CPU.Build.0 = Debug|Any CPU
		{69933827-2162-4E9A-93EE-9CB1E5F2C05E}.Release|Any CPU.ActiveCfg = Release|Any CPU
		{69933827-2162-4E9A-93EE-9CB1E5F2C05E}.Release|Any CPU.Build.0 = Release|Any CPU
		{A0B70D0E-2E8D-44BC-8918-87CB7615322F}.Debug|Any CPU.ActiveCfg = Debug|Any CPU
		{A0B70D0E-2E8D-44BC-8918-87CB7615322F}.Debug|Any CPU.Build.0 = Debug|Any CPU
		{A0B70D0E-2E8D-44BC-8918-87CB7615322F}.Release|Any CPU.ActiveCfg = Release|Any CPU
		{A0B70D0E-2E8D-44BC-8918-87CB7615322F}.Release|Any CPU.Build.0 = Release|Any CPU
		{8D0C4541-6BCE-426E-A2B5-520E11BDDFCF}.Debug|Any CPU.ActiveCfg = Debug|Any CPU
		{8D0C4541-6BCE-426E-A2B5-520E11BDDFCF}.Debug|Any CPU.Build.0 = Debug|Any CPU
		{8D0C4541-6BCE-426E-A2B5-520E11BDDFCF}.Release|Any CPU.ActiveCfg = Release|Any CPU
		{8D0C4541-6BCE-426E-A2B5-520E11BDDFCF}.Release|Any CPU.Build.0 = Release|Any CPU
		{6231D117-68ED-4954-A93C-A0C8993B442E}.Debug|Any CPU.ActiveCfg = Debug|Any CPU
		{6231D117-68ED-4954-A93C-A0C8993B442E}.Debug|Any CPU.Build.0 = Debug|Any CPU
		{6231D117-68ED-4954-A93C-A0C8993B442E}.Release|Any CPU.ActiveCfg = Release|Any CPU
		{6231D117-68ED-4954-A93C-A0C8993B442E}.Release|Any CPU.Build.0 = Release|Any CPU
		{24F57DFC-CA9B-4F3C-A911-21FD5877D8E8}.Debug|Any CPU.ActiveCfg = Debug|Any CPU
		{24F57DFC-CA9B-4F3C-A911-21FD5877D8E8}.Debug|Any CPU.Build.0 = Debug|Any CPU
		{24F57DFC-CA9B-4F3C-A911-21FD5877D8E8}.Release|Any CPU.ActiveCfg = Release|Any CPU
		{24F57DFC-CA9B-4F3C-A911-21FD5877D8E8}.Release|Any CPU.Build.0 = Release|Any CPU
		{86D6A415-183F-41BA-94DD-7D69DF44CE1A}.Debug|Any CPU.ActiveCfg = Debug|Any CPU
		{86D6A415-183F-41BA-94DD-7D69DF44CE1A}.Debug|Any CPU.Build.0 = Debug|Any CPU
		{86D6A415-183F-41BA-94DD-7D69DF44CE1A}.Release|Any CPU.ActiveCfg = Release|Any CPU
		{86D6A415-183F-41BA-94DD-7D69DF44CE1A}.Release|Any CPU.Build.0 = Release|Any CPU
		{77ACCBF5-D737-48AA-8502-CF5FDF5D832E}.Debug|Any CPU.ActiveCfg = Debug|Any CPU
		{77ACCBF5-D737-48AA-8502-CF5FDF5D832E}.Debug|Any CPU.Build.0 = Debug|Any CPU
		{77ACCBF5-D737-48AA-8502-CF5FDF5D832E}.Release|Any CPU.ActiveCfg = Release|Any CPU
		{77ACCBF5-D737-48AA-8502-CF5FDF5D832E}.Release|Any CPU.Build.0 = Release|Any CPU
	EndGlobalSection
	GlobalSection(NestedProjects) = preSolution
		{B628CFEA-CD93-4AD8-BED0-73727C136EEF} = {7EC58E82-B8A0-41CD-AF3C-16B993FDAD9C}
		{1113B98E-636E-4242-B798-69834B658F20} = {7EC58E82-B8A0-41CD-AF3C-16B993FDAD9C}
		{471767C4-CD8C-4ADE-A3AE-536A83BCC1DE} = {7EC58E82-B8A0-41CD-AF3C-16B993FDAD9C}
		{1695D219-2475-4604-BAF6-F7AA0E78D1B2} = {7EC58E82-B8A0-41CD-AF3C-16B993FDAD9C}
		{A89CED13-F75D-4C4E-96AD-010F8ED1772B} = {7EC58E82-B8A0-41CD-AF3C-16B993FDAD9C}
		{5BE20E1E-1230-46AC-888A-C69446624D85} = {7EC58E82-B8A0-41CD-AF3C-16B993FDAD9C}
		{69933827-2162-4E9A-93EE-9CB1E5F2C05E} = {7EC58E82-B8A0-41CD-AF3C-16B993FDAD9C}
		{A0B70D0E-2E8D-44BC-8918-87CB7615322F} = {7EC58E82-B8A0-41CD-AF3C-16B993FDAD9C}
		{8D0C4541-6BCE-426E-A2B5-520E11BDDFCF} = {7EC58E82-B8A0-41CD-AF3C-16B993FDAD9C}
		{6231D117-68ED-4954-A93C-A0C8993B442E} = {7EC58E82-B8A0-41CD-AF3C-16B993FDAD9C}
		{24F57DFC-CA9B-4F3C-A911-21FD5877D8E8} = {7EC58E82-B8A0-41CD-AF3C-16B993FDAD9C}
		{86D6A415-183F-41BA-94DD-7D69DF44CE1A} = {F1BCD4C5-F10C-4D1A-BDF6-CBAF0F87DF7E}
		{77ACCBF5-D737-48AA-8502-CF5FDF5D832E} = {F1BCD4C5-F10C-4D1A-BDF6-CBAF0F87DF7E}
	EndGlobalSection
EndGlobal
